{
  "name": "apparts-model",
  "version": "1.0.0",
  "lockfileVersion": 1,
  "requires": true,
  "dependencies": {
    "apparts-error": {
      "version": "git+ssh://git@ph-uhl.com:Apparts/apparts-error.git#e5fe05a1f098f08577ce9019fb1bd73761dd0794",
      "from": "git+ssh://git@ph-uhl.com:Apparts/apparts-error.git#semver:1.0.0"
    },
    "apparts-model": {
      "version": "git+ssh://git@ph-uhl.com:Apparts/apparts-model.git#0d385daf0dd97118ca1eab5a386aa16f7c76edd9",
      "from": "git+ssh://git@ph-uhl.com:Apparts/apparts-model.git#semver:1.0.0"
    },
    "apparts-types": {
      "version": "git+ssh://git@ph-uhl.com:Apparts/apparts-types.git#e3cddc6c91c2195cc862fbbac30795f21bb301d2",
      "from": "git+ssh://git@ph-uhl.com:Apparts/apparts-types.git",
      "requires": {
        "apparts-error": "git+ssh://git@ph-uhl.com:Apparts/apparts-error.git#e5fe05a1f098f08577ce9019fb1bd73761dd0794",
        "apparts-model": "git+ssh://git@ph-uhl.com:Apparts/apparts-model.git#0d385daf0dd97118ca1eab5a386aa16f7c76edd9",
        "uuid": "^3.3.2",
        "xss": "^1.0.3"
      }
    },
    "commander": {
      "version": "2.19.0",
      "resolved": "https://registry.npmjs.org/commander/-/commander-2.19.0.tgz",
      "integrity": "sha512-6tvAOO+D6OENvRAh524Dh9jcfKTYDQAqvqezbCW82xj5X0pSrcpxtvRKHLG0yBY6SD7PSDrJaj+0AiOcKVd1Xg=="
    },
    "cssfilter": {
      "version": "0.0.10",
      "resolved": "https://registry.npmjs.org/cssfilter/-/cssfilter-0.0.10.tgz",
      "integrity": "sha1-xtJnJjKi5cg+AT5oZKQs6N79IK4="
    },
    "uuid": {
      "version": "3.3.2",
      "resolved": "https://registry.npmjs.org/uuid/-/uuid-3.3.2.tgz",
      "integrity": "sha512-yXJmeNaw3DnnKAOKJE51sL/ZaYfWJRl1pK9dr19YFCu0ObS231AB1/LbqTKRAQ5kw8A90rA6fr4riOUpTZvQZA=="
    },
    "xss": {
      "version": "1.0.3",
      "resolved": "https://registry.npmjs.org/xss/-/xss-1.0.3.tgz",
      "integrity": "sha512-LTpz3jXPLUphMMmyufoZRSKnqMj41OVypZ8uYGzvjkMV9C1EdACrhQl/EM8Qfh5htSAuMIQFOejmKAZGkJfaCg==",
      "requires": {
        "commander": "^2.9.0",
        "cssfilter": "0.0.10"
      }
    }
  }
}
